
Microsoft Visual Studio Solution File, Format Version 12.00
# Visual Studio Version 17
VisualStudioVersion = 17.3.32922.545
MinimumVisualStudioVersion = 10.0.40219.1
Project("{FAE04EC0-301F-11D3-BF4B-00C04F79EFBC}") = "WaleedWPF", "WaleedWPF\WaleedWPF.csproj", "{B39C32A9-833B-44E3-9866-1D76AAC1C48F}"
EndProject
Global
	GlobalSection(SolutionConfigurationPlatforms) = preSolution
		Debug|Any CPU = Debug|Any CPU
		Release|Any CPU = Release|Any CPU
	EndGlobalSection
	GlobalSection(ProjectConfigurationPlatforms) = postSolution
		{B39C32A9-833B-44E3-9866-1D76AAC1C48F}.Debug|Any CPU.ActiveCfg = Debug|Any CPU
		{B39C32A9-833B-44E3-9866-1D76AAC1C48F}.Debug|Any CPU.Build.0 = Debug|Any CPU
		{B39C32A9-833B-44E3-9866-1D76AAC1C48F}.Release|Any CPU.ActiveCfg = Release|Any CPU
		{B39C32A9-833B-44E3-9866-1D76AAC1C48F}.Release|Any CPU.Build.0 = Release|Any CPU
	EndGlobalSection
	GlobalSection(SolutionProperties) = preSolution
		HideSolutionNode = FALSE
	EndGlobalSection
	GlobalSection(ExtensibilityGlobals) = postSolution
		SolutionGuid = {BCC56E1D-C533-4251-B72D-79ECD3E7E2F2}
	EndGlobalSection
EndGlobal
